# This file is autogenerated, do not edit; changes may be undone by the next 'dep ensure'.


[[projects]]
  name = "cloud.google.com/go"
  packages = [
    "compute/metadata",
    "firestore",
    "firestore/apiv1beta1",
    "iam",
    "internal",
    "internal/atomiccache",
    "internal/fields",
    "internal/optional",
    "internal/version",
    "storage"
  ]
  revision = "20d4028b8a750c2aca76bf9fefa8ed2d0109b573"
  version = "v0.19.0"

[[projects]]
  name = "firebase.google.com/go"
  packages = [
    ".",
    "auth",
    "db",
    "iid",
    "internal",
    "messaging",
    "storage"
  ]
  revision = "357ed718beef552a812ecbb11e08360bdd6ce144"
  version = "v2.6.0"

[[projects]]
  name = "github.com/golang/protobuf"
  packages = [
    "proto",
    "protoc-gen-go/descriptor",
    "ptypes",
    "ptypes/any",
    "ptypes/duration",
    "ptypes/empty",
    "ptypes/struct",
    "ptypes/timestamp",
    "ptypes/wrappers"
  ]
  revision = "925541529c1fa6821df4e44ce2723319eb2be768"
  version = "v1.0.0"

[[projects]]
  name = "github.com/googleapis/gax-go"
  packages = ["."]
  revision = "317e0006254c44a0ac427cc52a0e083ff0b9622f"
  version = "v2.0.0"

[[projects]]
  name = "go.opencensus.io"
  packages = [
    "internal",
    "internal/tagencoding",
    "plugin/ocgrpc",
    "plugin/ocgrpc/grpcstats",
    "plugin/ocgrpc/grpctrace",
    "plugin/ochttp",
    "plugin/ochttp/propagation/b3",
    "plugin/ochttp/propagation/google",
    "stats",
    "stats/internal",
    "stats/view",
    "tag",
    "trace",
    "trace/propagation"
  ]
  revision = "c9774183e3e14211cf87f61752279f6b8eb55682"
  version = "v0.3.0"

[[projects]]
  branch = "master"
  name = "golang.org/x/net"
  packages = [
    "context",
    "context/ctxhttp",
    "http2",
    "http2/hpack",
    "idna",
    "internal/timeseries",
    "lex/httplex",
    "trace"
  ]
  revision = "d25186b37f34ebdbbea8f488ef055638dfab272d"

[[projects]]
  branch = "master"
  name = "golang.org/x/oauth2"
  packages = [
    ".",
    "google",
    "internal",
    "jws",
    "jwt"
  ]
  revision = "2f32c3ac0fa4fb807a0fcefb0b6f2468a0d99bd0"

[[projects]]
  name = "golang.org/x/text"
  packages = [
    "collate",
    "collate/build",
    "internal/colltab",
    "internal/gen",
    "internal/tag",
    "internal/triegen",
    "internal/ucd",
    "language",
    "secure/bidirule",
    "transform",
    "unicode/bidi",
    "unicode/cldr",
    "unicode/norm",
    "unicode/rangetable"
  ]
  revision = "f21a4dfb5e38f5895301dc265a8def02365cc3d0"
  version = "v0.3.0"

[[projects]]
  branch = "master"
  name = "google.golang.org/api"
  packages = [
    "gensupport",
    "googleapi",
    "googleapi/internal/uritemplates",
    "googleapi/transport",
    "identitytoolkit/v3",
    "internal",
    "iterator",
    "option",
    "storage/v1",
    "transport",
    "transport/grpc",
    "transport/http"
  ]
  revision = "7f657476956314fee258816aaf81c0ff65cf8bee"

[[projects]]
  name = "google.golang.org/appengine"
  packages = [
    ".",
    "internal",
    "internal/app_identity",
    "internal/base",
    "internal/datastore",
    "internal/log",
    "internal/modules",
    "internal/remote_api",
    "internal/socket",
    "internal/urlfetch",
    "socket",
    "urlfetch"
  ]
  revision = "150dc57a1b433e64154302bdc40b6bb8aefa313a"
  version = "v1.0.0"

[[projects]]
  branch = "master"
  name = "google.golang.org/genproto"
  packages = [
    "googleapis/api/annotations",
    "googleapis/firestore/v1beta1",
    "googleapis/iam/v1",
    "googleapis/rpc/status",
    "googleapis/type/latlng"
  ]
  revision = "df60624c1e9b9d2973e889c7a1cff73155da81c4"

[[projects]]
  name = "google.golang.org/grpc"
  packages = [
    ".",
    "balancer",
    "balancer/base",
    "balancer/roundrobin",
    "codes",
    "connectivity",
    "credentials",
    "credentials/oauth",
    "encoding",
    "encoding/proto",
    "grpclb/grpc_lb_v1/messages",
    "grpclog",
    "internal",
    "keepalive",
    "metadata",
    "naming",
    "peer",
    "resolver",
    "resolver/dns",
    "resolver/passthrough",
    "stats",
    "status",
    "tap",
    "transport"
  ]
  revision = "8e4536a86ab602859c20df5ebfd0bd4228d08655"
  version = "v1.10.0"

[solve-meta]
  analyzer-name = "dep"
  analyzer-version = 1
  inputs-digest = "fddf003f9dd9b22125402f6e0df9cb77f2788919efa9fb0d806d609fae7ebbcd"
  solver-name = "gps-cdcl"
  solver-version = 1
